{
  "object": {
    "pins": [
      {
        "package": "rjps-lib-uf",
        "repositoryURL": "https://github.com/ricardopsantos/RJSLibUF",
        "state": {
          "branch": "master",
          "revision": "f77247b85bf278e1bdb79017ed2e24a93617c294",
          "version": null
        }
      },
      {
        "package": "rjs-security",
        "repositoryURL": "https://github.com/ricardopsantos/RJSP_Security",
        "state": {
          "branch": null,
          "revision": "3f8d1106e39070bb18fbe6391391af0cd2cd4a5a",
          "version": "1.2.0"
        }
      }
    ]
  },
  "version": 1
}
