{
  "object": {
    "pins": [
      {
        "package": "rjps-lib-uf",
        "repositoryURL": "https://github.com/ricardopsantos/RJSLibUF",
        "state": {
          "branch": "master",
          "revision": "f77247b85bf278e1bdb79017ed2e24a93617c294",
          "version": null
        }
      },
      {
        "package": "rjs-security",
        "repositoryURL": "https://github.com/ricardopsantos/RJSP_Security",
        "state": {
          "branch": "master",
          "revision": "44ae5dec0d47b7f3df4f6ba707183060be85230f",
          "version": null
        }
      }
    ]
  },
  "version": 1
}
